
Microsoft Visual Studio Solution File, Format Version 12.00
# Visual Studio Version 17
VisualStudioVersion = 17.1.32421.90
MinimumVisualStudioVersion = 10.0.40219.1
Project("{FAE04EC0-301F-11D3-BF4B-00C04F79EFBC}") = "SitePermissions", "Permissions\SitePermissions.csproj", "{6BC957A7-709B-47F2-B1B8-4A41058E9DED}"
EndProject
Global
	GlobalSection(SolutionConfigurationPlatforms) = preSolution
		Debug|Any CPU = Debug|Any CPU
		Release|Any CPU = Release|Any CPU
	EndGlobalSection
	GlobalSection(ProjectConfigurationPlatforms) = postSolution
		{6BC957A7-709B-47F2-B1B8-4A41058E9DED}.Debug|Any CPU.ActiveCfg = Debug|Any CPU
		{6BC957A7-709B-47F2-B1B8-4A41058E9DED}.Debug|Any CPU.Build.0 = Debug|Any CPU
		{6BC957A7-709B-47F2-B1B8-4A41058E9DED}.Release|Any CPU.ActiveCfg = Release|Any CPU
		{6BC957A7-709B-47F2-B1B8-4A41058E9DED}.Release|Any CPU.Build.0 = Release|Any CPU
	EndGlobalSection
	GlobalSection(SolutionProperties) = preSolution
		HideSolutionNode = FALSE
	EndGlobalSection
	GlobalSection(ExtensibilityGlobals) = postSolution
		SolutionGuid = {8E1D65C4-CB06-4626-B35E-795131084086}
	EndGlobalSection
EndGlobal
